
Microsoft Visual Studio Solution File, Format Version 12.00
# Visual Studio Version 17
VisualStudioVersion = 17.11.35208.52
MinimumVisualStudioVersion = 10.0.40219.1
Project("{FAE04EC0-301F-11D3-BF4B-00C04F79EFBC}") = "AdamQuinn-CPT-206-A01S-Lab1", "AdamQuinn-CPT-206-A01S-Lab1.csproj", "{B45EA736-F713-4D75-BD68-9A52CDFE881E}"
EndProject
Global
	GlobalSection(SolutionConfigurationPlatforms) = preSolution
		Debug|Any CPU = Debug|Any CPU
		Release|Any CPU = Release|Any CPU
	EndGlobalSection
	GlobalSection(ProjectConfigurationPlatforms) = postSolution
		{B45EA736-F713-4D75-BD68-9A52CDFE881E}.Debug|Any CPU.ActiveCfg = Debug|Any CPU
		{B45EA736-F713-4D75-BD68-9A52CDFE881E}.Debug|Any CPU.Build.0 = Debug|Any CPU
		{B45EA736-F713-4D75-BD68-9A52CDFE881E}.Release|Any CPU.ActiveCfg = Release|Any CPU
		{B45EA736-F713-4D75-BD68-9A52CDFE881E}.Release|Any CPU.Build.0 = Release|Any CPU
	EndGlobalSection
	GlobalSection(SolutionProperties) = preSolution
		HideSolutionNode = FALSE
	EndGlobalSection
	GlobalSection(ExtensibilityGlobals) = postSolution
		SolutionGuid = {AB896307-1A68-4E51-84D8-CAD8349B917D}
	EndGlobalSection
EndGlobal
